<?xml version="1.0" encoding="utf-8"?>
<Project ToolsVersion="4.0" xmlns="http://schemas.microsoft.com/developer/msbuild/2003">
  <ItemGroup>
    <Filter Include="Source Files">
      <UniqueIdentifier>{4FC737F1-C7A5-4376-A066-2A32D752A2FF}</UniqueIdentifier>
      <Extensions>cpp;c;cc;cxx;def;odl;idl;hpj;bat;asm;asmx</Extensions>
    </Filter>
    <Filter Include="Header Files">
      <UniqueIdentifier>{93995380-89BD-4b04-88EB-625FBE52EBFB}</UniqueIdentifier>
      <Extensions>h;hh;hpp;hxx;hm;inl;inc;xsd</Extensions>
    </Filter>
    <Filter Include="Resource Files">
      <UniqueIdentifier>{67DA6AB6-F800-4c08-8B7A-83BB121AAD01}</UniqueIdentifier>
      <Extensions>rc;ico;cur;bmp;dlg;rc2;rct;bin;rgs;gif;jpg;jpeg;jpe;resx;tiff;tif;png;wav;mfcribbon-ms</Extensions>
    </Filter>
    <Filter Include="Items">
      <UniqueIdentifier>{386688cb-be99-4bc4-9c11-fa026e090a16}</UniqueIdentifier>
    </Filter>
    <Filter Include="SaveLoad">
      <UniqueIdentifier>{ff799695-9062-476a-aaef-4ddd124792b5}</UniqueIdentifier>
    </Filter>
    <Filter Include="Combat">
      <UniqueIdentifier>{3a65c6c5-19e4-4b97-9097-9e6d84d4b871}</UniqueIdentifier>
    </Filter>
    <Filter Include="Renderer">
      <UniqueIdentifier>{209aa7df-2745-472b-a995-c35c396824ba}</UniqueIdentifier>
    </Filter>
    <Filter Include="MovableObject">
      <UniqueIdentifier>{edc806d1-c546-45e0-9d97-40675e1ccfea}</UniqueIdentifier>
    </Filter>
    <Filter Include="MoveUnit">
      <UniqueIdentifier>{a1e46aea-fc5d-4b12-a722-0784e1378415}</UniqueIdentifier>
    </Filter>
    <Filter Include="Player">
      <UniqueIdentifier>{49022799-dac0-42d3-ac04-37723b316a7c}</UniqueIdentifier>
    </Filter>
    <Filter Include="Enemy">
      <UniqueIdentifier>{f96f3eaf-c710-4d4d-8999-7e7cf6de06d9}</UniqueIdentifier>
    </Filter>
    <Filter Include="Armor">
      <UniqueIdentifier>{79d66d87-079f-4eb0-8203-124e02c9a45e}</UniqueIdentifier>
    </Filter>
    <Filter Include="Weapon">
      <UniqueIdentifier>{3a04bd75-39c1-4527-8c58-066267c7bb5e}</UniqueIdentifier>
    </Filter>
    <Filter Include="HealthPotion">
      <UniqueIdentifier>{71e078b7-27b2-4be9-a151-79c9d4833deb}</UniqueIdentifier>
    </Filter>
    <Filter Include="Item">
      <UniqueIdentifier>{0e6cffe3-e476-4722-ac24-309b715fecf7}</UniqueIdentifier>
    </Filter>
    <Filter Include="EventHandler">
      <UniqueIdentifier>{3952a81c-e8de-402a-978a-b4727395c180}</UniqueIdentifier>
    </Filter>
    <Filter Include="Board">
      <UniqueIdentifier>{6911c3ce-f9db-490d-9205-403d519bdef4}</UniqueIdentifier>
    </Filter>
    <Filter Include="Inventory">
      <UniqueIdentifier>{91c8966f-bfbf-4636-af3b-89e61cb8dbf8}</UniqueIdentifier>
    </Filter>
    <Filter Include="Game">
      <UniqueIdentifier>{cf297aa0-83ab-4a67-81ef-b4e7d69658e7}</UniqueIdentifier>
    </Filter>
    <Filter Include="Profile">
      <UniqueIdentifier>{c8976fde-3e4c-4d42-ae59-cb3de1fa8331}</UniqueIdentifier>
    </Filter>
    <Filter Include="RepairCenter">
      <UniqueIdentifier>{beaa670f-f42c-4945-8b83-00d96378b2b0}</UniqueIdentifier>
    </Filter>
    <Filter Include="LevelLoader">
      <UniqueIdentifier>{b1255e79-4ebf-42e3-b588-1277c1692927}</UniqueIdentifier>
    </Filter>
  </ItemGroup>
  <ItemGroup>
    <ClCompile Include="Main.cpp">
      <Filter>Source Files</Filter>
    </ClCompile>
    <ClCompile Include="ConsumableItem.cpp">
      <Filter>Items</Filter>
    </ClCompile>
    <ClCompile Include="EquipableItem.cpp">
      <Filter>Items</Filter>
    </ClCompile>
    <ClCompile Include="SaveGame.cpp">
      <Filter>SaveLoad</Filter>
    </ClCompile>
    <ClCompile Include="LoadGame.cpp">
      <Filter>SaveLoad</Filter>
    </ClCompile>
    <ClCompile Include="Combat.cpp">
      <Filter>Combat</Filter>
    </ClCompile>
    <ClCompile Include="Renderer.cpp">
      <Filter>Renderer</Filter>
    </ClCompile>
    <ClCompile Include="MovableObject.cpp">
      <Filter>MovableObject</Filter>
    </ClCompile>
    <ClCompile Include="Unit.cpp">
      <Filter>MovableObject</Filter>
    </ClCompile>
    <ClCompile Include="MoveUnit.cpp">
      <Filter>MoveUnit</Filter>
    </ClCompile>
    <ClCompile Include="Player.cpp">
      <Filter>Player</Filter>
    </ClCompile>
    <ClCompile Include="Enemy.cpp">
      <Filter>Enemy</Filter>
    </ClCompile>
    <ClCompile Include="Armor.cpp">
      <Filter>Armor</Filter>
    </ClCompile>
    <ClCompile Include="Weapon.cpp">
      <Filter>Weapon</Filter>
    </ClCompile>
    <ClCompile Include="HealthPotion.cpp">
      <Filter>HealthPotion</Filter>
    </ClCompile>
    <ClCompile Include="Item.cpp">
      <Filter>Item</Filter>
    </ClCompile>
    <ClCompile Include="EventHandler.cpp">
      <Filter>EventHandler</Filter>
    </ClCompile>
    <ClCompile Include="Board.cpp">
      <Filter>Board</Filter>
    </ClCompile>
    <ClCompile Include="Inventory.cpp">
      <Filter>Inventory</Filter>
    </ClCompile>
    <ClCompile Include="Game.cpp">
      <Filter>Game</Filter>
    </ClCompile>
    <ClCompile Include="Profile.cpp">
      <Filter>Profile</Filter>
    </ClCompile>
    <ClCompile Include="RepairCenter.cpp">
      <Filter>RepairCenter</Filter>
    </ClCompile>
    <ClCompile Include="LevelLoader.cpp">
      <Filter>LevelLoader</Filter>
    </ClCompile>
    <ClCompile Include="SmartInventory.cpp">
      <Filter>Inventory</Filter>
    </ClCompile>
    <ClCompile Include="SmartPlayer.cpp">
      <Filter>Player</Filter>
    </ClCompile>
  </ItemGroup>
  <ItemGroup>
    <ClInclude Include="ConsumableItem.h">
      <Filter>Items</Filter>
    </ClInclude>
    <ClInclude Include="EquipableItem.h">
      <Filter>Items</Filter>
    </ClInclude>
    <ClInclude Include="SaveGame.h">
      <Filter>SaveLoad</Filter>
    </ClInclude>
    <ClInclude Include="LoadGame.h">
      <Filter>SaveLoad</Filter>
    </ClInclude>
    <ClInclude Include="Combat.h">
      <Filter>Combat</Filter>
    </ClInclude>
    <ClInclude Include="Renderer.h">
      <Filter>Renderer</Filter>
    </ClInclude>
    <ClInclude Include="MoveUnit.h">
      <Filter>MoveUnit</Filter>
    </ClInclude>
    <ClInclude Include="Unit.h">
      <Filter>MovableObject</Filter>
    </ClInclude>
    <ClInclude Include="MovableObject.h">
      <Filter>MovableObject</Filter>
    </ClInclude>
    <ClInclude Include="Player.h">
      <Filter>Player</Filter>
    </ClInclude>
    <ClInclude Include="Enemy.h">
      <Filter>Enemy</Filter>
    </ClInclude>
    <ClInclude Include="Armor.h">
      <Filter>Armor</Filter>
    </ClInclude>
    <ClInclude Include="Weapon.h">
      <Filter>Weapon</Filter>
    </ClInclude>
    <ClInclude Include="HealthPotion.h">
      <Filter>HealthPotion</Filter>
    </ClInclude>
    <ClInclude Include="Item.h">
      <Filter>Item</Filter>
    </ClInclude>
    <ClInclude Include="EventHandler.h">
      <Filter>EventHandler</Filter>
    </ClInclude>
    <ClInclude Include="Board.h">
      <Filter>Board</Filter>
    </ClInclude>
    <ClInclude Include="Inventory.h">
      <Filter>Inventory</Filter>
    </ClInclude>
    <ClInclude Include="Game.h">
      <Filter>Game</Filter>
    </ClInclude>
    <ClInclude Include="Profile.h">
      <Filter>Profile</Filter>
    </ClInclude>
    <ClInclude Include="RepairCenter.h">
      <Filter>RepairCenter</Filter>
    </ClInclude>
    <ClInclude Include="LevelLoader.h">
      <Filter>LevelLoader</Filter>
    </ClInclude>
    <ClInclude Include="SmartInventory.h">
      <Filter>Inventory</Filter>
    </ClInclude>
    <ClInclude Include="SmartPlayer.h">
      <Filter>Player</Filter>
    </ClInclude>
  </ItemGroup>
  <ItemGroup>
    <Text Include="LevelInfo3.txt">
      <Filter>Resource Files</Filter>
    </Text>
    <Text Include="Level3.txt">
      <Filter>Resource Files</Filter>
    </Text>
    <Text Include="LevelInfo1.txt">
      <Filter>Resource Files</Filter>
    </Text>
    <Text Include="LevelInfo2.txt">
      <Filter>Resource Files</Filter>
    </Text>
    <Text Include="Level1.txt">
      <Filter>Resource Files</Filter>
    </Text>
    <Text Include="Level2.txt">
      <Filter>Resource Files</Filter>
    </Text>
    <Text Include="LevelInfo99.txt">
      <Filter>Resource Files</Filter>
    </Text>
    <Text Include="Level99.txt">
      <Filter>Resource Files</Filter>
    </Text>
    <Text Include="DefaultPlayer.txt">
      <Filter>Resource Files</Filter>
    </Text>
  </ItemGroup>
</Project>